
Microsoft Visual Studio Solution File, Format Version 12.00
# Visual Studio 15
VisualStudioVersion = 15.0.26730.15
MinimumVisualStudioVersion = 10.0.40219.1
Project("{9A19103F-16F7-4668-BE54-9A1E7A4F7556}") = "DataStructures.Models", "DataStructures.Models\DataStructures.Models.csproj", "{4D83C072-46BB-42D6-9BED-0490E5CF7213}"
EndProject
Project("{9A19103F-16F7-4668-BE54-9A1E7A4F7556}") = "DataStructures.Test.EndToEnd", "DataStructures.Test.EndToEnd\DataStructures.Test.EndToEnd.csproj", "{944674E2-BC3C-4044-B009-FE41B8CD2964}"
EndProject
Project("{9A19103F-16F7-4668-BE54-9A1E7A4F7556}") = "DataStructures.Services", "DataStructures.Services\DataStructures.Services.csproj", "{341C595A-FDAD-4BAD-B291-D872F2C56277}"
EndProject
Project("{FAE04EC0-301F-11D3-BF4B-00C04F79EFBC}") = "DataStructures.Test.Unit", "DataStructures.Test.Unit\DataStructures.Test.Unit.csproj", "{431235D3-CC80-4521-AAAF-913DA1C4C2C6}"
EndProject
Global
	GlobalSection(SolutionConfigurationPlatforms) = preSolution
		Debug|Any CPU = Debug|Any CPU
		Release|Any CPU = Release|Any CPU
	EndGlobalSection
	GlobalSection(ProjectConfigurationPlatforms) = postSolution
		{4D83C072-46BB-42D6-9BED-0490E5CF7213}.Debug|Any CPU.ActiveCfg = Debug|Any CPU
		{4D83C072-46BB-42D6-9BED-0490E5CF7213}.Debug|Any CPU.Build.0 = Debug|Any CPU
		{4D83C072-46BB-42D6-9BED-0490E5CF7213}.Release|Any CPU.ActiveCfg = Release|Any CPU
		{4D83C072-46BB-42D6-9BED-0490E5CF7213}.Release|Any CPU.Build.0 = Release|Any CPU
		{944674E2-BC3C-4044-B009-FE41B8CD2964}.Debug|Any CPU.ActiveCfg = Debug|Any CPU
		{944674E2-BC3C-4044-B009-FE41B8CD2964}.Debug|Any CPU.Build.0 = Debug|Any CPU
		{944674E2-BC3C-4044-B009-FE41B8CD2964}.Release|Any CPU.ActiveCfg = Release|Any CPU
		{944674E2-BC3C-4044-B009-FE41B8CD2964}.Release|Any CPU.Build.0 = Release|Any CPU
		{341C595A-FDAD-4BAD-B291-D872F2C56277}.Debug|Any CPU.ActiveCfg = Debug|Any CPU
		{341C595A-FDAD-4BAD-B291-D872F2C56277}.Debug|Any CPU.Build.0 = Debug|Any CPU
		{341C595A-FDAD-4BAD-B291-D872F2C56277}.Release|Any CPU.ActiveCfg = Release|Any CPU
		{341C595A-FDAD-4BAD-B291-D872F2C56277}.Release|Any CPU.Build.0 = Release|Any CPU
		{431235D3-CC80-4521-AAAF-913DA1C4C2C6}.Debug|Any CPU.ActiveCfg = Debug|Any CPU
		{431235D3-CC80-4521-AAAF-913DA1C4C2C6}.Debug|Any CPU.Build.0 = Debug|Any CPU
		{431235D3-CC80-4521-AAAF-913DA1C4C2C6}.Release|Any CPU.ActiveCfg = Release|Any CPU
		{431235D3-CC80-4521-AAAF-913DA1C4C2C6}.Release|Any CPU.Build.0 = Release|Any CPU
	EndGlobalSection
	GlobalSection(SolutionProperties) = preSolution
		HideSolutionNode = FALSE
	EndGlobalSection
	GlobalSection(ExtensibilityGlobals) = postSolution
		SolutionGuid = {F8E0DFA0-BBE2-4FEC-9BCF-171DEC189802}
	EndGlobalSection
EndGlobal
